// !$*UTF8*$!
{
	archiveVersion = 1;
	classes = {
	};
	objectVersion = 46;
	objects = {

/* Begin PBXBuildFile section */
		4F41C3BAB2574A0891F69101 /* libPods.a in Frameworks */ = {isa = PBXBuildFile; fileRef = 72B17E070D77472A816DCF33 /* libPods.a */; };
		8234C6F61909191500DD11C9 /* NeoSansPro-Bold.ttf in Resources */ = {isa = PBXBuildFile; fileRef = 8234C6F41909137000DD11C9 /* NeoSansPro-Bold.ttf */; };
		8234C6F71909191500DD11C9 /* NeoSansPro-Light.ttf in Resources */ = {isa = PBXBuildFile; fileRef = 8234C6F51909137000DD11C9 /* NeoSansPro-Light.ttf */; };
		8257D15F191B75C300F00B7F /* libGoogleAdMobAds.a in Frameworks */ = {isa = PBXBuildFile; fileRef = 8257D10F191B75C300F00B7F /* libGoogleAdMobAds.a */; };
		8257D160191B75C300F00B7F /* README.txt in Resources */ = {isa = PBXBuildFile; fileRef = 8257D110191B75C300F00B7F /* README.txt */; };
		8257D169191B766300F00B7F /* AdSupport.framework in Frameworks */ = {isa = PBXBuildFile; fileRef = 8257D168191B766300F00B7F /* AdSupport.framework */; };
		8257D16B191B766C00F00B7F /* AudioToolbox.framework in Frameworks */ = {isa = PBXBuildFile; fileRef = 8257D16A191B766C00F00B7F /* AudioToolbox.framework */; };
		8257D16D191B767200F00B7F /* AVFoundation.framework in Frameworks */ = {isa = PBXBuildFile; fileRef = 8257D16C191B767200F00B7F /* AVFoundation.framework */; };
		8257D16F191B767F00F00B7F /* MessageUI.framework in Frameworks */ = {isa = PBXBuildFile; fileRef = 8257D16E191B767F00F00B7F /* MessageUI.framework */; };
		8257D171191B768700F00B7F /* StoreKit.framework in Frameworks */ = {isa = PBXBuildFile; fileRef = 8257D170191B768700F00B7F /* StoreKit.framework */; };
		8257D173191B768E00F00B7F /* SystemConfiguration.framework in Frameworks */ = {isa = PBXBuildFile; fileRef = 8257D172191B768E00F00B7F /* SystemConfiguration.framework */; };
		8257D177191B784700F00B7F /* CoreTelephony.framework in Frameworks */ = {isa = PBXBuildFile; fileRef = 8257D176191B784700F00B7F /* CoreTelephony.framework */; };
		82FDCA6B18EEA05A00A7BE69 /* Foundation.framework in Frameworks */ = {isa = PBXBuildFile; fileRef = 82FDCA6A18EEA05A00A7BE69 /* Foundation.framework */; };
		82FDCA6D18EEA05A00A7BE69 /* CoreGraphics.framework in Frameworks */ = {isa = PBXBuildFile; fileRef = 82FDCA6C18EEA05A00A7BE69 /* CoreGraphics.framework */; };
		82FDCA6F18EEA05A00A7BE69 /* UIKit.framework in Frameworks */ = {isa = PBXBuildFile; fileRef = 82FDCA6E18EEA05A00A7BE69 /* UIKit.framework */; };
		82FDCA7518EEA05A00A7BE69 /* InfoPlist.strings in Resources */ = {isa = PBXBuildFile; fileRef = 82FDCA7318EEA05A00A7BE69 /* InfoPlist.strings */; };
		82FDCA7718EEA05A00A7BE69 /* main.m in Sources */ = {isa = PBXBuildFile; fileRef = 82FDCA7618EEA05A00A7BE69 /* main.m */; };
		82FDCA7B18EEA05A00A7BE69 /* AppDelegate.m in Sources */ = {isa = PBXBuildFile; fileRef = 82FDCA7A18EEA05A00A7BE69 /* AppDelegate.m */; };
		82FDCA7E18EEA05A00A7BE69 /* Main_iPhone.storyboard in Resources */ = {isa = PBXBuildFile; fileRef = 82FDCA7C18EEA05A00A7BE69 /* Main_iPhone.storyboard */; };
		82FDCA8418EEA05A00A7BE69 /* ViewController.m in Sources */ = {isa = PBXBuildFile; fileRef = 82FDCA8318EEA05A00A7BE69 /* ViewController.m */; };
		82FDCA8618EEA05A00A7BE69 /* Images.xcassets in Resources */ = {isa = PBXBuildFile; fileRef = 82FDCA8518EEA05A00A7BE69 /* Images.xcassets */; };
		82FDCA8D18EEA05A00A7BE69 /* XCTest.framework in Frameworks */ = {isa = PBXBuildFile; fileRef = 82FDCA8C18EEA05A00A7BE69 /* XCTest.framework */; };
		82FDCA8E18EEA05A00A7BE69 /* Foundation.framework in Frameworks */ = {isa = PBXBuildFile; fileRef = 82FDCA6A18EEA05A00A7BE69 /* Foundation.framework */; };
		82FDCA8F18EEA05A00A7BE69 /* UIKit.framework in Frameworks */ = {isa = PBXBuildFile; fileRef = 82FDCA6E18EEA05A00A7BE69 /* UIKit.framework */; };
		82FDCA9718EEA05A00A7BE69 /* InfoPlist.strings in Resources */ = {isa = PBXBuildFile; fileRef = 82FDCA9518EEA05A00A7BE69 /* InfoPlist.strings */; };
		82FDCA9918EEA05A00A7BE69 /* GoldAlertTests.m in Sources */ = {isa = PBXBuildFile; fileRef = 82FDCA9818EEA05A00A7BE69 /* GoldAlertTests.m */; };
/* End PBXBuildFile section */

/* Begin PBXContainerItemProxy section */
		82FDCA9018EEA05A00A7BE69 /* PBXContainerItemProxy */ = {
			isa = PBXContainerItemProxy;
			containerPortal = 82FDCA5F18EEA05A00A7BE69 /* Project object */;
			proxyType = 1;
			remoteGlobalIDString = 82FDCA6618EEA05A00A7BE69;
			remoteInfo = GoldAlert;
		};
/* End PBXContainerItemProxy section */

/* Begin PBXFileReference section */
		72B17E070D77472A816DCF33 /* libPods.a */ = {isa = PBXFileReference; explicitFileType = archive.ar; includeInIndex = 0; path = libPods.a; sourceTree = BUILT_PRODUCTS_DIR; };
		8234C6F41909137000DD11C9 /* NeoSansPro-Bold.ttf */ = {isa = PBXFileReference; lastKnownFileType = file; path = "NeoSansPro-Bold.ttf"; sourceTree = "<group>"; };
		8234C6F51909137000DD11C9 /* NeoSansPro-Light.ttf */ = {isa = PBXFileReference; lastKnownFileType = file; path = "NeoSansPro-Light.ttf"; sourceTree = "<group>"; };
		8257D103191B75C300F00B7F /* GADAdMobExtras.h */ = {isa = PBXFileReference; fileEncoding = 4; lastKnownFileType = sourcecode.c.h; path = GADAdMobExtras.h; sourceTree = "<group>"; };
		8257D104191B75C300F00B7F /* GADAdNetworkExtras.h */ = {isa = PBXFileReference; fileEncoding = 4; lastKnownFileType = sourcecode.c.h; path = GADAdNetworkExtras.h; sourceTree = "<group>"; };
		8257D105191B75C300F00B7F /* GADAdSize.h */ = {isa = PBXFileReference; fileEncoding = 4; lastKnownFileType = sourcecode.c.h; path = GADAdSize.h; sourceTree = "<group>"; };
		8257D106191B75C300F00B7F /* GADBannerView.h */ = {isa = PBXFileReference; fileEncoding = 4; lastKnownFileType = sourcecode.c.h; path = GADBannerView.h; sourceTree = "<group>"; };
		8257D107191B75C300F00B7F /* GADBannerViewDelegate.h */ = {isa = PBXFileReference; fileEncoding = 4; lastKnownFileType = sourcecode.c.h; path = GADBannerViewDelegate.h; sourceTree = "<group>"; };
		8257D108191B75C300F00B7F /* GADInAppPurchase.h */ = {isa = PBXFileReference; fileEncoding = 4; lastKnownFileType = sourcecode.c.h; path = GADInAppPurchase.h; sourceTree = "<group>"; };
		8257D109191B75C300F00B7F /* GADInAppPurchaseDelegate.h */ = {isa = PBXFileReference; fileEncoding = 4; lastKnownFileType = sourcecode.c.h; path = GADInAppPurchaseDelegate.h; sourceTree = "<group>"; };
		8257D10A191B75C300F00B7F /* GADInterstitial.h */ = {isa = PBXFileReference; fileEncoding = 4; lastKnownFileType = sourcecode.c.h; path = GADInterstitial.h; sourceTree = "<group>"; };
		8257D10B191B75C300F00B7F /* GADInterstitialDelegate.h */ = {isa = PBXFileReference; fileEncoding = 4; lastKnownFileType = sourcecode.c.h; path = GADInterstitialDelegate.h; sourceTree = "<group>"; };
		8257D10C191B75C300F00B7F /* GADModules.h */ = {isa = PBXFileReference; fileEncoding = 4; lastKnownFileType = sourcecode.c.h; path = GADModules.h; sourceTree = "<group>"; };
		8257D10D191B75C300F00B7F /* GADRequest.h */ = {isa = PBXFileReference; fileEncoding = 4; lastKnownFileType = sourcecode.c.h; path = GADRequest.h; sourceTree = "<group>"; };
		8257D10E191B75C300F00B7F /* GADRequestError.h */ = {isa = PBXFileReference; fileEncoding = 4; lastKnownFileType = sourcecode.c.h; path = GADRequestError.h; sourceTree = "<group>"; };
		8257D10F191B75C300F00B7F /* libGoogleAdMobAds.a */ = {isa = PBXFileReference; lastKnownFileType = archive.ar; path = libGoogleAdMobAds.a; sourceTree = "<group>"; };
		8257D110191B75C300F00B7F /* README.txt */ = {isa = PBXFileReference; fileEncoding = 4; lastKnownFileType = text; path = README.txt; sourceTree = "<group>"; };
		8257D168191B766300F00B7F /* AdSupport.framework */ = {isa = PBXFileReference; lastKnownFileType = wrapper.framework; name = AdSupport.framework; path = System/Library/Frameworks/AdSupport.framework; sourceTree = SDKROOT; };
		8257D16A191B766C00F00B7F /* AudioToolbox.framework */ = {isa = PBXFileReference; lastKnownFileType = wrapper.framework; name = AudioToolbox.framework; path = System/Library/Frameworks/AudioToolbox.framework; sourceTree = SDKROOT; };
		8257D16C191B767200F00B7F /* AVFoundation.framework */ = {isa = PBXFileReference; lastKnownFileType = wrapper.framework; name = AVFoundation.framework; path = System/Library/Frameworks/AVFoundation.framework; sourceTree = SDKROOT; };
		8257D16E191B767F00F00B7F /* MessageUI.framework */ = {isa = PBXFileReference; lastKnownFileType = wrapper.framework; name = MessageUI.framework; path = System/Library/Frameworks/MessageUI.framework; sourceTree = SDKROOT; };
		8257D170191B768700F00B7F /* StoreKit.framework */ = {isa = PBXFileReference; lastKnownFileType = wrapper.framework; name = StoreKit.framework; path = System/Library/Frameworks/StoreKit.framework; sourceTree = SDKROOT; };
		8257D172191B768E00F00B7F /* SystemConfiguration.framework */ = {isa = PBXFileReference; lastKnownFileType = wrapper.framework; name = SystemConfiguration.framework; path = System/Library/Frameworks/SystemConfiguration.framework; sourceTree = SDKROOT; };
		8257D174191B77C400F00B7F /* MediaPlayer.framework */ = {isa = PBXFileReference; lastKnownFileType = wrapper.framework; name = MediaPlayer.framework; path = System/Library/Frameworks/MediaPlayer.framework; sourceTree = SDKROOT; };
		8257D176191B784700F00B7F /* CoreTelephony.framework */ = {isa = PBXFileReference; lastKnownFileType = wrapper.framework; name = CoreTelephony.framework; path = System/Library/Frameworks/CoreTelephony.framework; sourceTree = SDKROOT; };
		82FDCA6718EEA05A00A7BE69 /* GoldAlert.app */ = {isa = PBXFileReference; explicitFileType = wrapper.application; includeInIndex = 0; path = GoldAlert.app; sourceTree = BUILT_PRODUCTS_DIR; };
		82FDCA6A18EEA05A00A7BE69 /* Foundation.framework */ = {isa = PBXFileReference; lastKnownFileType = wrapper.framework; name = Foundation.framework; path = System/Library/Frameworks/Foundation.framework; sourceTree = SDKROOT; };
		82FDCA6C18EEA05A00A7BE69 /* CoreGraphics.framework */ = {isa = PBXFileReference; lastKnownFileType = wrapper.framework; name = CoreGraphics.framework; path = System/Library/Frameworks/CoreGraphics.framework; sourceTree = SDKROOT; };
		82FDCA6E18EEA05A00A7BE69 /* UIKit.framework */ = {isa = PBXFileReference; lastKnownFileType = wrapper.framework; name = UIKit.framework; path = System/Library/Frameworks/UIKit.framework; sourceTree = SDKROOT; };
		82FDCA7218EEA05A00A7BE69 /* GoldAlert-Info.plist */ = {isa = PBXFileReference; lastKnownFileType = text.plist.xml; path = "GoldAlert-Info.plist"; sourceTree = "<group>"; };
		82FDCA7418EEA05A00A7BE69 /* en */ = {isa = PBXFileReference; lastKnownFileType = text.plist.strings; name = en; path = en.lproj/InfoPlist.strings; sourceTree = "<group>"; };
		82FDCA7618EEA05A00A7BE69 /* main.m */ = {isa = PBXFileReference; lastKnownFileType = sourcecode.c.objc; path = main.m; sourceTree = "<group>"; };
		82FDCA7818EEA05A00A7BE69 /* GoldAlert-Prefix.pch */ = {isa = PBXFileReference; lastKnownFileType = sourcecode.c.h; path = "GoldAlert-Prefix.pch"; sourceTree = "<group>"; };
		82FDCA7918EEA05A00A7BE69 /* AppDelegate.h */ = {isa = PBXFileReference; lastKnownFileType = sourcecode.c.h; path = AppDelegate.h; sourceTree = "<group>"; };
		82FDCA7A18EEA05A00A7BE69 /* AppDelegate.m */ = {isa = PBXFileReference; lastKnownFileType = sourcecode.c.objc; path = AppDelegate.m; sourceTree = "<group>"; };
		82FDCA7D18EEA05A00A7BE69 /* Base */ = {isa = PBXFileReference; lastKnownFileType = file.storyboard; name = Base; path = Base.lproj/Main_iPhone.storyboard; sourceTree = "<group>"; };
		82FDCA8218EEA05A00A7BE69 /* ViewController.h */ = {isa = PBXFileReference; lastKnownFileType = sourcecode.c.h; path = ViewController.h; sourceTree = "<group>"; };
		82FDCA8318EEA05A00A7BE69 /* ViewController.m */ = {isa = PBXFileReference; lastKnownFileType = sourcecode.c.objc; path = ViewController.m; sourceTree = "<group>"; };
		82FDCA8518EEA05A00A7BE69 /* Images.xcassets */ = {isa = PBXFileReference; lastKnownFileType = folder.assetcatalog; path = Images.xcassets; sourceTree = "<group>"; };
		82FDCA8B18EEA05A00A7BE69 /* GoldAlertTests.xctest */ = {isa = PBXFileReference; explicitFileType = wrapper.cfbundle; includeInIndex = 0; path = GoldAlertTests.xctest; sourceTree = BUILT_PRODUCTS_DIR; };
		82FDCA8C18EEA05A00A7BE69 /* XCTest.framework */ = {isa = PBXFileReference; lastKnownFileType = wrapper.framework; name = XCTest.framework; path = Library/Frameworks/XCTest.framework; sourceTree = DEVELOPER_DIR; };
		82FDCA9418EEA05A00A7BE69 /* GoldAlertTests-Info.plist */ = {isa = PBXFileReference; lastKnownFileType = text.plist.xml; path = "GoldAlertTests-Info.plist"; sourceTree = "<group>"; };
		82FDCA9618EEA05A00A7BE69 /* en */ = {isa = PBXFileReference; lastKnownFileType = text.plist.strings; name = en; path = en.lproj/InfoPlist.strings; sourceTree = "<group>"; };
		82FDCA9818EEA05A00A7BE69 /* GoldAlertTests.m */ = {isa = PBXFileReference; lastKnownFileType = sourcecode.c.objc; path = GoldAlertTests.m; sourceTree = "<group>"; };
		BF9B180F96FB42DD852D9511 /* Pods.xcconfig */ = {isa = PBXFileReference; includeInIndex = 1; lastKnownFileType = text.xcconfig; name = Pods.xcconfig; path = Pods/Pods.xcconfig; sourceTree = "<group>"; };
/* End PBXFileReference section */

/* Begin PBXFrameworksBuildPhase section */
		82FDCA6418EEA05A00A7BE69 /* Frameworks */ = {
			isa = PBXFrameworksBuildPhase;
			buildActionMask = 2147483647;
			files = (
				8257D177191B784700F00B7F /* CoreTelephony.framework in Frameworks */,
				8257D173191B768E00F00B7F /* SystemConfiguration.framework in Frameworks */,
				8257D171191B768700F00B7F /* StoreKit.framework in Frameworks */,
				8257D16F191B767F00F00B7F /* MessageUI.framework in Frameworks */,
				82FDCA6D18EEA05A00A7BE69 /* CoreGraphics.framework in Frameworks */,
				8257D16D191B767200F00B7F /* AVFoundation.framework in Frameworks */,
				8257D16B191B766C00F00B7F /* AudioToolbox.framework in Frameworks */,
				8257D169191B766300F00B7F /* AdSupport.framework in Frameworks */,
				82FDCA6F18EEA05A00A7BE69 /* UIKit.framework in Frameworks */,
				82FDCA6B18EEA05A00A7BE69 /* Foundation.framework in Frameworks */,
				4F41C3BAB2574A0891F69101 /* libPods.a in Frameworks */,
				8257D15F191B75C300F00B7F /* libGoogleAdMobAds.a in Frameworks */,
			);
			runOnlyForDeploymentPostprocessing = 0;
		};
		82FDCA8818EEA05A00A7BE69 /* Frameworks */ = {
			isa = PBXFrameworksBuildPhase;
			buildActionMask = 2147483647;
			files = (
				82FDCA8D18EEA05A00A7BE69 /* XCTest.framework in Frameworks */,
				82FDCA8F18EEA05A00A7BE69 /* UIKit.framework in Frameworks */,
				82FDCA8E18EEA05A00A7BE69 /* Foundation.framework in Frameworks */,
			);
			runOnlyForDeploymentPostprocessing = 0;
		};
/* End PBXFrameworksBuildPhase section */

/* Begin PBXGroup section */
		8234C6F31909136500DD11C9 /* Fonts */ = {
			isa = PBXGroup;
			children = (
				8234C6F41909137000DD11C9 /* NeoSansPro-Bold.ttf */,
				8234C6F51909137000DD11C9 /* NeoSansPro-Light.ttf */,
			);
			name = Fonts;
			sourceTree = "<group>";
		};
		8257D076191B75C200F00B7F /* GoogleMobileAdsSdkiOS-6.9.2 */ = {
			isa = PBXGroup;
			children = (
				8257D103191B75C300F00B7F /* GADAdMobExtras.h */,
				8257D104191B75C300F00B7F /* GADAdNetworkExtras.h */,
				8257D105191B75C300F00B7F /* GADAdSize.h */,
				8257D106191B75C300F00B7F /* GADBannerView.h */,
				8257D107191B75C300F00B7F /* GADBannerViewDelegate.h */,
				8257D108191B75C300F00B7F /* GADInAppPurchase.h */,
				8257D109191B75C300F00B7F /* GADInAppPurchaseDelegate.h */,
				8257D10A191B75C300F00B7F /* GADInterstitial.h */,
				8257D10B191B75C300F00B7F /* GADInterstitialDelegate.h */,
				8257D10C191B75C300F00B7F /* GADModules.h */,
				8257D10D191B75C300F00B7F /* GADRequest.h */,
				8257D10E191B75C300F00B7F /* GADRequestError.h */,
				8257D10F191B75C300F00B7F /* libGoogleAdMobAds.a */,
				8257D110191B75C300F00B7F /* README.txt */,
			);
			name = "GoogleMobileAdsSdkiOS-6.9.2";
			path = "../GoogleMobileAdsSdkiOS-6.9.2";
			sourceTree = "<group>";
		};
		8257D167191B760800F00B7F /* Libs */ = {
			isa = PBXGroup;
			children = (
				8257D076191B75C200F00B7F /* GoogleMobileAdsSdkiOS-6.9.2 */,
			);
			name = Libs;
			sourceTree = "<group>";
		};
		82FDCA5E18EEA05A00A7BE69 = {
			isa = PBXGroup;
			children = (
				82FDCA7018EEA05A00A7BE69 /* GoldAlert */,
				82FDCA9218EEA05A00A7BE69 /* GoldAlertTests */,
				82FDCA6918EEA05A00A7BE69 /* Frameworks */,
				82FDCA6818EEA05A00A7BE69 /* Products */,
				BF9B180F96FB42DD852D9511 /* Pods.xcconfig */,
			);
			sourceTree = "<group>";
		};
		82FDCA6818EEA05A00A7BE69 /* Products */ = {
			isa = PBXGroup;
			children = (
				82FDCA6718EEA05A00A7BE69 /* GoldAlert.app */,
				82FDCA8B18EEA05A00A7BE69 /* GoldAlertTests.xctest */,
			);
			name = Products;
			sourceTree = "<group>";
		};
		82FDCA6918EEA05A00A7BE69 /* Frameworks */ = {
			isa = PBXGroup;
			children = (
				8257D176191B784700F00B7F /* CoreTelephony.framework */,
				8257D174191B77C400F00B7F /* MediaPlayer.framework */,
				8257D172191B768E00F00B7F /* SystemConfiguration.framework */,
				8257D170191B768700F00B7F /* StoreKit.framework */,
				8257D16E191B767F00F00B7F /* MessageUI.framework */,
				8257D16C191B767200F00B7F /* AVFoundation.framework */,
				8257D16A191B766C00F00B7F /* AudioToolbox.framework */,
				8257D168191B766300F00B7F /* AdSupport.framework */,
				82FDCA6A18EEA05A00A7BE69 /* Foundation.framework */,
				82FDCA6C18EEA05A00A7BE69 /* CoreGraphics.framework */,
				82FDCA6E18EEA05A00A7BE69 /* UIKit.framework */,
				82FDCA8C18EEA05A00A7BE69 /* XCTest.framework */,
				72B17E070D77472A816DCF33 /* libPods.a */,
			);
			name = Frameworks;
			sourceTree = "<group>";
		};
		82FDCA7018EEA05A00A7BE69 /* GoldAlert */ = {
			isa = PBXGroup;
			children = (
				82FDCA7918EEA05A00A7BE69 /* AppDelegate.h */,
				82FDCA7A18EEA05A00A7BE69 /* AppDelegate.m */,
				82FDCA7C18EEA05A00A7BE69 /* Main_iPhone.storyboard */,
				82FDCA8218EEA05A00A7BE69 /* ViewController.h */,
				82FDCA8318EEA05A00A7BE69 /* ViewController.m */,
				82FDCA8518EEA05A00A7BE69 /* Images.xcassets */,
				8257D167191B760800F00B7F /* Libs */,
				8234C6F31909136500DD11C9 /* Fonts */,
				82FDCA7118EEA05A00A7BE69 /* Supporting Files */,
			);
			path = GoldAlert;
			sourceTree = "<group>";
		};
		82FDCA7118EEA05A00A7BE69 /* Supporting Files */ = {
			isa = PBXGroup;
			children = (
				82FDCA7218EEA05A00A7BE69 /* GoldAlert-Info.plist */,
				82FDCA7318EEA05A00A7BE69 /* InfoPlist.strings */,
				82FDCA7618EEA05A00A7BE69 /* main.m */,
				82FDCA7818EEA05A00A7BE69 /* GoldAlert-Prefix.pch */,
			);
			name = "Supporting Files";
			sourceTree = "<group>";
		};
		82FDCA9218EEA05A00A7BE69 /* GoldAlertTests */ = {
			isa = PBXGroup;
			children = (
				82FDCA9818EEA05A00A7BE69 /* GoldAlertTests.m */,
				82FDCA9318EEA05A00A7BE69 /* Supporting Files */,
			);
			path = GoldAlertTests;
			sourceTree = "<group>";
		};
		82FDCA9318EEA05A00A7BE69 /* Supporting Files */ = {
			isa = PBXGroup;
			children = (
				82FDCA9418EEA05A00A7BE69 /* GoldAlertTests-Info.plist */,
				82FDCA9518EEA05A00A7BE69 /* InfoPlist.strings */,
			);
			name = "Supporting Files";
			sourceTree = "<group>";
		};
/* End PBXGroup section */

/* Begin PBXNativeTarget section */
		82FDCA6618EEA05A00A7BE69 /* GoldAlert */ = {
			isa = PBXNativeTarget;
			buildConfigurationList = 82FDCA9C18EEA05A00A7BE69 /* Build configuration list for PBXNativeTarget "GoldAlert" */;
			buildPhases = (
				F2591ADF0CF14DCEABFBB2EC /* Check Pods Manifest.lock */,
				82FDCA6318EEA05A00A7BE69 /* Sources */,
				82FDCA6418EEA05A00A7BE69 /* Frameworks */,
				82FDCA6518EEA05A00A7BE69 /* Resources */,
				FF4BA041C4544B2196DFEFA6 /* Copy Pods Resources */,
			);
			buildRules = (
			);
			dependencies = (
			);
			name = GoldAlert;
			productName = GoldAlert;
			productReference = 82FDCA6718EEA05A00A7BE69 /* GoldAlert.app */;
			productType = "com.apple.product-type.application";
		};
		82FDCA8A18EEA05A00A7BE69 /* GoldAlertTests */ = {
			isa = PBXNativeTarget;
			buildConfigurationList = 82FDCA9F18EEA05A00A7BE69 /* Build configuration list for PBXNativeTarget "GoldAlertTests" */;
			buildPhases = (
				82FDCA8718EEA05A00A7BE69 /* Sources */,
				82FDCA8818EEA05A00A7BE69 /* Frameworks */,
				82FDCA8918EEA05A00A7BE69 /* Resources */,
			);
			buildRules = (
			);
			dependencies = (
				82FDCA9118EEA05A00A7BE69 /* PBXTargetDependency */,
			);
			name = GoldAlertTests;
			productName = GoldAlertTests;
			productReference = 82FDCA8B18EEA05A00A7BE69 /* GoldAlertTests.xctest */;
			productType = "com.apple.product-type.bundle.unit-test";
		};
/* End PBXNativeTarget section */

/* Begin PBXProject section */
		82FDCA5F18EEA05A00A7BE69 /* Project object */ = {
			isa = PBXProject;
			attributes = {
				LastUpgradeCheck = 0510;
				ORGANIZATIONNAME = illusion710;
				TargetAttributes = {
					82FDCA8A18EEA05A00A7BE69 = {
						TestTargetID = 82FDCA6618EEA05A00A7BE69;
					};
				};
			};
			buildConfigurationList = 82FDCA6218EEA05A00A7BE69 /* Build configuration list for PBXProject "GoldAlert" */;
			compatibilityVersion = "Xcode 3.2";
			developmentRegion = English;
			hasScannedForEncodings = 0;
			knownRegions = (
				en,
				Base,
			);
			mainGroup = 82FDCA5E18EEA05A00A7BE69;
			productRefGroup = 82FDCA6818EEA05A00A7BE69 /* Products */;
			projectDirPath = "";
			projectRoot = "";
			targets = (
				82FDCA6618EEA05A00A7BE69 /* GoldAlert */,
				82FDCA8A18EEA05A00A7BE69 /* GoldAlertTests */,
			);
		};
/* End PBXProject section */

/* Begin PBXResourcesBuildPhase section */
		82FDCA6518EEA05A00A7BE69 /* Resources */ = {
			isa = PBXResourcesBuildPhase;
			buildActionMask = 2147483647;
			files = (
				8257D160191B75C300F00B7F /* README.txt in Resources */,
				8234C6F61909191500DD11C9 /* NeoSansPro-Bold.ttf in Resources */,
				8234C6F71909191500DD11C9 /* NeoSansPro-Light.ttf in Resources */,
				82FDCA8618EEA05A00A7BE69 /* Images.xcassets in Resources */,
				82FDCA7E18EEA05A00A7BE69 /* Main_iPhone.storyboard in Resources */,
				82FDCA7518EEA05A00A7BE69 /* InfoPlist.strings in Resources */,
			);
			runOnlyForDeploymentPostprocessing = 0;
		};
		82FDCA8918EEA05A00A7BE69 /* Resources */ = {
			isa = PBXResourcesBuildPhase;
			buildActionMask = 2147483647;
			files = (
				82FDCA9718EEA05A00A7BE69 /* InfoPlist.strings in Resources */,
			);
			runOnlyForDeploymentPostprocessing = 0;
		};
/* End PBXResourcesBuildPhase section */

/* Begin PBXShellScriptBuildPhase section */
		F2591ADF0CF14DCEABFBB2EC /* Check Pods Manifest.lock */ = {
			isa = PBXShellScriptBuildPhase;
			buildActionMask = 2147483647;
			files = (
			);
			inputPaths = (
			);
			name = "Check Pods Manifest.lock";
			outputPaths = (
			);
			runOnlyForDeploymentPostprocessing = 0;
			shellPath = /bin/sh;
			shellScript = "diff \"${PODS_ROOT}/../Podfile.lock\" \"${PODS_ROOT}/Manifest.lock\" > /dev/null\nif [[ $? != 0 ]] ; then\n    cat << EOM\nerror: The sandbox is not in sync with the Podfile.lock. Run 'pod install' or update your CocoaPods installation.\nEOM\n    exit 1\nfi\n";
			showEnvVarsInLog = 0;
		};
		FF4BA041C4544B2196DFEFA6 /* Copy Pods Resources */ = {
			isa = PBXShellScriptBuildPhase;
			buildActionMask = 2147483647;
			files = (
			);
			inputPaths = (
			);
			name = "Copy Pods Resources";
			outputPaths = (
			);
			runOnlyForDeploymentPostprocessing = 0;
			shellPath = /bin/sh;
			shellScript = "\"${SRCROOT}/Pods/Pods-resources.sh\"\n";
			showEnvVarsInLog = 0;
		};
/* End PBXShellScriptBuildPhase section */

/* Begin PBXSourcesBuildPhase section */
		82FDCA6318EEA05A00A7BE69 /* Sources */ = {
			isa = PBXSourcesBuildPhase;
			buildActionMask = 2147483647;
			files = (
				82FDCA8418EEA05A00A7BE69 /* ViewController.m in Sources */,
				82FDCA7B18EEA05A00A7BE69 /* AppDelegate.m in Sources */,
				82FDCA7718EEA05A00A7BE69 /* main.m in Sources */,
			);
			runOnlyForDeploymentPostprocessing = 0;
		};
		82FDCA8718EEA05A00A7BE69 /* Sources */ = {
			isa = PBXSourcesBuildPhase;
			buildActionMask = 2147483647;
			files = (
				82FDCA9918EEA05A00A7BE69 /* GoldAlertTests.m in Sources */,
			);
			runOnlyForDeploymentPostprocessing = 0;
		};
/* End PBXSourcesBuildPhase section */

/* Begin PBXTargetDependency section */
		82FDCA9118EEA05A00A7BE69 /* PBXTargetDependency */ = {
			isa = PBXTargetDependency;
			target = 82FDCA6618EEA05A00A7BE69 /* GoldAlert */;
			targetProxy = 82FDCA9018EEA05A00A7BE69 /* PBXContainerItemProxy */;
		};
/* End PBXTargetDependency section */

/* Begin PBXVariantGroup section */
		82FDCA7318EEA05A00A7BE69 /* InfoPlist.strings */ = {
			isa = PBXVariantGroup;
			children = (
				82FDCA7418EEA05A00A7BE69 /* en */,
			);
			name = InfoPlist.strings;
			sourceTree = "<group>";
		};
		82FDCA7C18EEA05A00A7BE69 /* Main_iPhone.storyboard */ = {
			isa = PBXVariantGroup;
			children = (
				82FDCA7D18EEA05A00A7BE69 /* Base */,
			);
			name = Main_iPhone.storyboard;
			sourceTree = "<group>";
		};
		82FDCA9518EEA05A00A7BE69 /* InfoPlist.strings */ = {
			isa = PBXVariantGroup;
			children = (
				82FDCA9618EEA05A00A7BE69 /* en */,
			);
			name = InfoPlist.strings;
			sourceTree = "<group>";
		};
/* End PBXVariantGroup section */

/* Begin XCBuildConfiguration section */
		82FDCA9A18EEA05A00A7BE69 /* Debug */ = {
			isa = XCBuildConfiguration;
			buildSettings = {
				ALWAYS_SEARCH_USER_PATHS = NO;
				CLANG_CXX_LANGUAGE_STANDARD = "gnu++0x";
				CLANG_CXX_LIBRARY = "libc++";
				CLANG_ENABLE_MODULES = YES;
				CLANG_ENABLE_OBJC_ARC = YES;
				CLANG_WARN_BOOL_CONVERSION = YES;
				CLANG_WARN_CONSTANT_CONVERSION = YES;
				CLANG_WARN_DIRECT_OBJC_ISA_USAGE = YES_ERROR;
				CLANG_WARN_EMPTY_BODY = YES;
				CLANG_WARN_ENUM_CONVERSION = YES;
				CLANG_WARN_INT_CONVERSION = YES;
				CLANG_WARN_OBJC_ROOT_CLASS = YES_ERROR;
				CLANG_WARN__DUPLICATE_METHOD_MATCH = YES;
				"CODE_SIGN_IDENTITY[sdk=iphoneos*]" = "iPhone Developer";
				COPY_PHASE_STRIP = NO;
				GCC_C_LANGUAGE_STANDARD = gnu99;
				GCC_DYNAMIC_NO_PIC = NO;
				GCC_OPTIMIZATION_LEVEL = 0;
				GCC_PREPROCESSOR_DEFINITIONS = (
					"DEBUG=1",
					"$(inherited)",
				);
				GCC_SYMBOLS_PRIVATE_EXTERN = NO;
				GCC_WARN_64_TO_32_BIT_CONVERSION = YES;
				GCC_WARN_ABOUT_RETURN_TYPE = YES_ERROR;
				GCC_WARN_UNDECLARED_SELECTOR = YES;
				GCC_WARN_UNINITIALIZED_AUTOS = YES_AGGRESSIVE;
				GCC_WARN_UNUSED_FUNCTION = YES;
				GCC_WARN_UNUSED_VARIABLE = YES;
				IPHONEOS_DEPLOYMENT_TARGET = 7.1;
				ONLY_ACTIVE_ARCH = YES;
				OTHER_LDFLAGS = "-ObjC";
				SDKROOT = iphoneos;
				TARGETED_DEVICE_FAMILY = "1,2";
			};
			name = Debug;
		};
		82FDCA9B18EEA05A00A7BE69 /* Release */ = {
			isa = XCBuildConfiguration;
			buildSettings = {
				ALWAYS_SEARCH_USER_PATHS = NO;
				CLANG_CXX_LANGUAGE_STANDARD = "gnu++0x";
				CLANG_CXX_LIBRARY = "libc++";
				CLANG_ENABLE_MODULES = YES;
				CLANG_ENABLE_OBJC_ARC = YES;
				CLANG_WARN_BOOL_CONVERSION = YES;
				CLANG_WARN_CONSTANT_CONVERSION = YES;
				CLANG_WARN_DIRECT_OBJC_ISA_USAGE = YES_ERROR;
				CLANG_WARN_EMPTY_BODY = YES;
				CLANG_WARN_ENUM_CONVERSION = YES;
				CLANG_WARN_INT_CONVERSION = YES;
				CLANG_WARN_OBJC_ROOT_CLASS = YES_ERROR;
				CLANG_WARN__DUPLICATE_METHOD_MATCH = YES;
				"CODE_SIGN_IDENTITY[sdk=iphoneos*]" = "iPhone Developer";
				COPY_PHASE_STRIP = YES;
				ENABLE_NS_ASSERTIONS = NO;
				GCC_C_LANGUAGE_STANDARD = gnu99;
				GCC_WARN_64_TO_32_BIT_CONVERSION = YES;
				GCC_WARN_ABOUT_RETURN_TYPE = YES_ERROR;
				GCC_WARN_UNDECLARED_SELECTOR = YES;
				GCC_WARN_UNINITIALIZED_AUTOS = YES_AGGRESSIVE;
				GCC_WARN_UNUSED_FUNCTION = YES;
				GCC_WARN_UNUSED_VARIABLE = YES;
				IPHONEOS_DEPLOYMENT_TARGET = 7.1;
				OTHER_LDFLAGS = "-ObjC";
				SDKROOT = iphoneos;
				TARGETED_DEVICE_FAMILY = "1,2";
				VALIDATE_PRODUCT = YES;
			};
			name = Release;
		};
		82FDCA9D18EEA05A00A7BE69 /* Debug */ = {
			isa = XCBuildConfiguration;
			baseConfigurationReference = BF9B180F96FB42DD852D9511 /* Pods.xcconfig */;
			buildSettings = {
				ASSETCATALOG_COMPILER_APPICON_NAME = AppIcon;
				ASSETCATALOG_COMPILER_LAUNCHIMAGE_NAME = LaunchImage;
				GCC_PRECOMPILE_PREFIX_HEADER = YES;
				GCC_PREFIX_HEADER = "GoldAlert/GoldAlert-Prefix.pch";
				INFOPLIST_FILE = "GoldAlert/GoldAlert-Info.plist";
				LIBRARY_SEARCH_PATHS = (
					"$(inherited)",
					"$(PROJECT_DIR)/GoogleMobileAdsSdkiOS-6.9.2/Add-ons/GoogleAnalyticsServicesiOS_3.06",
					"$(PROJECT_DIR)/GoogleMobileAdsSdkiOS-6.9.2",
				);
				PRODUCT_NAME = "$(TARGET_NAME)";
				WRAPPER_EXTENSION = app;
			};
			name = Debug;
		};
		82FDCA9E18EEA05A00A7BE69 /* Release */ = {
			isa = XCBuildConfiguration;
			baseConfigurationReference = BF9B180F96FB42DD852D9511 /* Pods.xcconfig */;
			buildSettings = {
				ASSETCATALOG_COMPILER_APPICON_NAME = AppIcon;
				ASSETCATALOG_COMPILER_LAUNCHIMAGE_NAME = LaunchImage;
				GCC_PRECOMPILE_PREFIX_HEADER = YES;
				GCC_PREFIX_HEADER = "GoldAlert/GoldAlert-Prefix.pch";
				INFOPLIST_FILE = "GoldAlert/GoldAlert-Info.plist";
				LIBRARY_SEARCH_PATHS = (
					"$(inherited)",
					"$(PROJECT_DIR)/GoogleMobileAdsSdkiOS-6.9.2/Add-ons/GoogleAnalyticsServicesiOS_3.06",
					"$(PROJECT_DIR)/GoogleMobileAdsSdkiOS-6.9.2",
				);
				PRODUCT_NAME = "$(TARGET_NAME)";
				WRAPPER_EXTENSION = app;
			};
			name = Release;
		};
		82FDCAA018EEA05A00A7BE69 /* Debug */ = {
			isa = XCBuildConfiguration;
			buildSettings = {
				BUNDLE_LOADER = "$(BUILT_PRODUCTS_DIR)/GoldAlert.app/GoldAlert";
				FRAMEWORK_SEARCH_PATHS = (
					"$(SDKROOT)/Developer/Library/Frameworks",
					"$(inherited)",
					"$(DEVELOPER_FRAMEWORKS_DIR)",
				);
				GCC_PRECOMPILE_PREFIX_HEADER = YES;
				GCC_PREFIX_HEADER = "GoldAlert/GoldAlert-Prefix.pch";
				GCC_PREPROCESSOR_DEFINITIONS = (
					"DEBUG=1",
					"$(inherited)",
				);
				INFOPLIST_FILE = "GoldAlertTests/GoldAlertTests-Info.plist";
				PRODUCT_NAME = "$(TARGET_NAME)";
				TEST_HOST = "$(BUNDLE_LOADER)";
				WRAPPER_EXTENSION = xctest;
			};
			name = Debug;
		};
		82FDCAA118EEA05A00A7BE69 /* Release */ = {
			isa = XCBuildConfiguration;
			buildSettings = {
				BUNDLE_LOADER = "$(BUILT_PRODUCTS_DIR)/GoldAlert.app/GoldAlert";
				FRAMEWORK_SEARCH_PATHS = (
					"$(SDKROOT)/Developer/Library/Frameworks",
					"$(inherited)",
					"$(DEVELOPER_FRAMEWORKS_DIR)",
				);
				GCC_PRECOMPILE_PREFIX_HEADER = YES;
				GCC_PREFIX_HEADER = "GoldAlert/GoldAlert-Prefix.pch";
				INFOPLIST_FILE = "GoldAlertTests/GoldAlertTests-Info.plist";
				PRODUCT_NAME = "$(TARGET_NAME)";
				TEST_HOST = "$(BUNDLE_LOADER)";
				WRAPPER_EXTENSION = xctest;
			};
			name = Release;
		};
/* End XCBuildConfiguration section */

/* Begin XCConfigurationList section */
		82FDCA6218EEA05A00A7BE69 /* Build configuration list for PBXProject "GoldAlert" */ = {
			isa = XCConfigurationList;
			buildConfigurations = (
				82FDCA9A18EEA05A00A7BE69 /* Debug */,
				82FDCA9B18EEA05A00A7BE69 /* Release */,
			);
			defaultConfigurationIsVisible = 0;
			defaultConfigurationName = Release;
		};
		82FDCA9C18EEA05A00A7BE69 /* Build configuration list for PBXNativeTarget "GoldAlert" */ = {
			isa = XCConfigurationList;
			buildConfigurations = (
				82FDCA9D18EEA05A00A7BE69 /* Debug */,
				82FDCA9E18EEA05A00A7BE69 /* Release */,
			);
			defaultConfigurationIsVisible = 0;
			defaultConfigurationName = Release;
		};
		82FDCA9F18EEA05A00A7BE69 /* Build configuration list for PBXNativeTarget "GoldAlertTests" */ = {
			isa = XCConfigurationList;
			buildConfigurations = (
				82FDCAA018EEA05A00A7BE69 /* Debug */,
				82FDCAA118EEA05A00A7BE69 /* Release */,
			);
			defaultConfigurationIsVisible = 0;
			defaultConfigurationName = Release;
		};
/* End XCConfigurationList section */
	};
	rootObject = 82FDCA5F18EEA05A00A7BE69 /* Project object */;
}
